{
  "name": "@monitor/collector-brower",
  "version": "0.5.8",
  "lockfileVersion": 1,
  "requires": true,
  "dependencies": {
    "@hutool/console": {
      "version": "0.4.12",
      "resolved": "http://60.205.181.203:4873/@hutool%2fconsole/-/console-0.4.12.tgz",
      "integrity": "sha512-unIGhZZ9Dsq3LK6mP+hIayed94kgJqCIZ38engmrmfo6EMvc9+0+EIQpEFNP6mpsHtaYkI0p9dM/xMXfKzcRYQ=="
    },
    "@hutool/eventEmitter": {
      "version": "0.4.12",
      "resolved": "http://60.205.181.203:4873/@hutool%2feventEmitter/-/eventEmitter-0.4.12.tgz",
      "integrity": "sha512-7GE/qxaGRre0ZQVYVHi/RvSGKf5g1rUHl/uieUo3f406sBuZ86dm8wpCHupVJK0JcfEoVdU6w4yuYPDah3FPgw==",
      "requires": {
        "eventemitter3": "^3.1.0"
      }
    },
    "@hutool/storage": {
      "version": "0.4.12",
      "resolved": "http://60.205.181.203:4873/@hutool%2fstorage/-/storage-0.4.12.tgz",
      "integrity": "sha512-SQxjSVlgzP9TGCzu19bH2gh1qsljP0xBf/4Ks21P99ZnTbRIsl109D5TX4F+vjud4DBJrPThQpluMZvYYrjgzQ==",
      "requires": {
        "@types/store": "^2.0.1",
        "store": "^2.0.12"
      }
    },
    "@hutool/utils": {
      "version": "0.4.12",
      "resolved": "http://60.205.181.203:4873/@hutool%2futils/-/utils-0.4.12.tgz",
      "integrity": "sha512-thY4moQNReC1LCQ/FEsdt79XOXkfF2S7qsrAAT4GVEkA+NgonLFg3PZL/BUT/KPR8Y+LePqOWKq4TDUoT9h7VA==",
      "requires": {
        "@types/node": "^10.12.18"
      }
    },
    "@types/node": {
      "version": "10.17.60",
      "resolved": "http://60.205.181.203:4873/@types%2fnode/-/node-10.17.60.tgz",
      "integrity": "sha512-F0KIgDJfy2nA3zMLmWGKxcH2ZVEtCZXHHdOQs2gSaQ27+lNeEfGxzkIw90aXswATX7AZ33tahPbzy6KAfUreVw=="
    },
    "@types/store": {
      "version": "2.0.2",
      "resolved": "http://60.205.181.203:4873/@types%2fstore/-/store-2.0.2.tgz",
      "integrity": "sha512-ZPHnXkzmGMfk+pHqAGzTSpA9CbsHmJLgkvOl5w52LZ0XTxB1ZIHWZzQ7lEtjTNWScBbsQekg8TjApMXkMe4nkw=="
    },
    "eventemitter3": {
      "version": "3.1.2",
      "resolved": "http://60.205.181.203:4873/eventemitter3/-/eventemitter3-3.1.2.tgz",
      "integrity": "sha512-tvtQIeLVHjDkJYnzf2dgVMxfuSGJeM/7UCG17TT4EumTfNtF+0nebF/4zWOIkCreAbtNqhGEboB6BWrwqNaw4Q=="
    },
    "store": {
      "version": "2.0.12",
      "resolved": "http://60.205.181.203:4873/store/-/store-2.0.12.tgz",
      "integrity": "sha1-jFNOKguDH3K3X8XxEZhXxE711ZM="
    },
    "tslib": {
      "version": "2.3.1",
      "resolved": "http://60.205.181.203:4873/tslib/-/tslib-2.3.1.tgz",
      "integrity": "sha512-77EbyPPpMz+FRFRuAFlWMtmgUWGe9UOG2Z25NqCwiIjRhOf5iKGuzSe5P2w1laq+FkRy4p+PCuVkJSGkzTEKVw=="
    },
    "uuidjs": {
      "version": "4.2.9",
      "resolved": "http://60.205.181.203:4873/uuidjs/-/uuidjs-4.2.9.tgz",
      "integrity": "sha512-ie/yQOFIBnswUUTPQRwMphF/OeE3Pg9y0jorjOPPFtGaeVp9JSdGN5rA9odsXDFH1UfwtpriJXKTro1JTNaIXg=="
    }
  }
}
