{
  "name": "@monitor/engine",
  "version": "0.6.0",
  "lockfileVersion": 2,
  "requires": true,
  "packages": {
    "": {
      "name": "@monitor/engine",
      "version": "0.6.0",
      "license": "MIT",
      "dependencies": {
        "@monitor/collector-browser": "^0.6.0",
        "@monitor/collector-error": "^0.6.0",
        "@monitor/collector-track": "^0.6.0"
      },
      "engines": {
        "node": ">= 4.0.0",
        "npm": ">= 3.0.0"
      }
    },
    "node_modules/@hutool/console": {
      "version": "0.4.12",
      "resolved": "http://60.205.181.203:4873/@hutool%2fconsole/-/console-0.4.12.tgz",
      "integrity": "sha512-unIGhZZ9Dsq3LK6mP+hIayed94kgJqCIZ38engmrmfo6EMvc9+0+EIQpEFNP6mpsHtaYkI0p9dM/xMXfKzcRYQ==",
      "license": "MIT"
    },
    "node_modules/@hutool/eventEmitter": {
      "version": "0.4.12",
      "resolved": "http://60.205.181.203:4873/@hutool%2feventEmitter/-/eventEmitter-0.4.12.tgz",
      "integrity": "sha512-7GE/qxaGRre0ZQVYVHi/RvSGKf5g1rUHl/uieUo3f406sBuZ86dm8wpCHupVJK0JcfEoVdU6w4yuYPDah3FPgw==",
      "license": "MIT",
      "dependencies": {
        "eventemitter3": "^3.1.0"
      }
    },
    "node_modules/@hutool/storage": {
      "version": "0.4.12",
      "resolved": "http://60.205.181.203:4873/@hutool%2fstorage/-/storage-0.4.12.tgz",
      "integrity": "sha512-SQxjSVlgzP9TGCzu19bH2gh1qsljP0xBf/4Ks21P99ZnTbRIsl109D5TX4F+vjud4DBJrPThQpluMZvYYrjgzQ==",
      "license": "MIT",
      "dependencies": {
        "@types/store": "^2.0.1",
        "store": "^2.0.12"
      }
    },
    "node_modules/@hutool/utils": {
      "version": "0.4.12",
      "resolved": "http://60.205.181.203:4873/@hutool%2futils/-/utils-0.4.12.tgz",
      "integrity": "sha512-thY4moQNReC1LCQ/FEsdt79XOXkfF2S7qsrAAT4GVEkA+NgonLFg3PZL/BUT/KPR8Y+LePqOWKq4TDUoT9h7VA==",
      "license": "MIT",
      "dependencies": {
        "@types/node": "^10.12.18"
      }
    },
    "node_modules/@monitor/collector-browser": {
      "version": "0.6.0",
      "resolved": "http://60.205.181.203:4873/@monitor%2fcollector-browser/-/collector-browser-0.6.0.tgz",
      "integrity": "sha512-pdKTf8rWSrzJC0IO6TERcO0RypFe6xwYvkOw5YFfrE43r3boayn10o8Wa4uHqWynhBU4Uwpwk02xF9tsGWY2bQ==",
      "license": "MIT",
      "dependencies": {
        "@hutool/console": "^0.4.12",
        "@hutool/eventEmitter": "^0.4.12",
        "@hutool/storage": "^0.4.12",
        "@hutool/utils": "^0.4.12",
        "tslib": "^2.3.1",
        "uuidjs": "^4.0.3"
      },
      "engines": {
        "node": ">= 4.0.0",
        "npm": ">= 3.0.0"
      }
    },
    "node_modules/@monitor/collector-error": {
      "version": "0.6.0",
      "resolved": "http://60.205.181.203:4873/@monitor%2fcollector-error/-/collector-error-0.6.0.tgz",
      "integrity": "sha512-7z5M1qOiejUPXP+TWaCdNcakGR/U3ih8ulTht0i8xRzN7Uzimbi12paJpuo5ymwLRxFrpjwqQydj39LJ/qhWFw==",
      "license": "MIT",
      "dependencies": {
        "@monitor/collector-browser": "^0.6.0",
        "axios": "^0.18.0"
      },
      "engines": {
        "node": ">= 4.0.0",
        "npm": ">= 3.0.0"
      }
    },
    "node_modules/@monitor/collector-track": {
      "version": "0.6.0",
      "resolved": "http://60.205.181.203:4873/@monitor%2fcollector-track/-/collector-track-0.6.0.tgz",
      "integrity": "sha512-mw2MfGRc86EfolQ5RolRVOjjapniguw+LujWuCpZlSyfmZSJCWnNuh0TjcHmxi+TC8C10fDeqk4PlqmyoXxBcQ==",
      "license": "MIT",
      "dependencies": {
        "@monitor/collector-browser": "^0.6.0",
        "axios": "^0.18.0",
        "url-search-params-polyfill": "^5.0.0"
      },
      "engines": {
        "node": ">= 4.0.0",
        "npm": ">= 3.0.0"
      }
    },
    "node_modules/@types/node": {
      "version": "10.17.60",
      "resolved": "http://60.205.181.203:4873/@types%2fnode/-/node-10.17.60.tgz",
      "integrity": "sha512-F0KIgDJfy2nA3zMLmWGKxcH2ZVEtCZXHHdOQs2gSaQ27+lNeEfGxzkIw90aXswATX7AZ33tahPbzy6KAfUreVw==",
      "license": "MIT"
    },
    "node_modules/@types/store": {
      "version": "2.0.2",
      "resolved": "http://60.205.181.203:4873/@types%2fstore/-/store-2.0.2.tgz",
      "integrity": "sha512-ZPHnXkzmGMfk+pHqAGzTSpA9CbsHmJLgkvOl5w52LZ0XTxB1ZIHWZzQ7lEtjTNWScBbsQekg8TjApMXkMe4nkw==",
      "license": "MIT"
    },
    "node_modules/axios": {
      "version": "0.18.1",
      "resolved": "http://60.205.181.203:4873/axios/-/axios-0.18.1.tgz",
      "integrity": "sha512-0BfJq4NSfQXd+SkFdrvFbG7addhYSBA2mQwISr46pD6E5iqkWg02RAs8vyTT/j0RTnoYmeXauBuSv1qKwR179g==",
      "deprecated": "Critical security vulnerability fixed in v0.21.1. For more information, see https://github.com/axios/axios/pull/3410",
      "license": "MIT",
      "dependencies": {
        "follow-redirects": "1.5.10",
        "is-buffer": "^2.0.2"
      }
    },
    "node_modules/debug": {
      "version": "3.1.0",
      "resolved": "http://60.205.181.203:4873/debug/-/debug-3.1.0.tgz",
      "integrity": "sha512-OX8XqP7/1a9cqkxYw2yXss15f26NKWBpDXQd0/uK/KPqdQhxbPa994hnzjcE2VqQpDslf55723cKPUOGSmMY3g==",
      "license": "MIT",
      "dependencies": {
        "ms": "2.0.0"
      }
    },
    "node_modules/eventemitter3": {
      "version": "3.1.2",
      "resolved": "http://60.205.181.203:4873/eventemitter3/-/eventemitter3-3.1.2.tgz",
      "integrity": "sha512-tvtQIeLVHjDkJYnzf2dgVMxfuSGJeM/7UCG17TT4EumTfNtF+0nebF/4zWOIkCreAbtNqhGEboB6BWrwqNaw4Q==",
      "license": "MIT"
    },
    "node_modules/follow-redirects": {
      "version": "1.5.10",
      "resolved": "http://60.205.181.203:4873/follow-redirects/-/follow-redirects-1.5.10.tgz",
      "integrity": "sha512-0V5l4Cizzvqt5D44aTXbFZz+FtyXV1vrDN6qrelxtfYQKW0KO0W2T/hkE8xvGa/540LkZlkaUjO4ailYTFtHVQ==",
      "license": "MIT",
      "dependencies": {
        "debug": "=3.1.0"
      },
      "engines": {
        "node": ">=4.0"
      }
    },
    "node_modules/is-buffer": {
      "version": "2.0.5",
      "resolved": "http://60.205.181.203:4873/is-buffer/-/is-buffer-2.0.5.tgz",
      "integrity": "sha512-i2R6zNFDwgEHJyQUtJEk0XFi1i0dPFn/oqjK3/vPCcDeJvW5NQ83V8QbicfF1SupOaB0h8ntgBC2YiE7dfyctQ==",
      "funding": [
        {
          "type": "github",
          "url": "https://github.com/sponsors/feross"
        },
        {
          "type": "patreon",
          "url": "https://www.patreon.com/feross"
        },
        {
          "type": "consulting",
          "url": "https://feross.org/support"
        }
      ],
      "license": "MIT",
      "engines": {
        "node": ">=4"
      }
    },
    "node_modules/ms": {
      "version": "2.0.0",
      "resolved": "http://60.205.181.203:4873/ms/-/ms-2.0.0.tgz",
      "integrity": "sha1-VgiurfwAvmwpAd9fmGF4jeDVl8g=",
      "license": "MIT"
    },
    "node_modules/store": {
      "version": "2.0.12",
      "resolved": "http://60.205.181.203:4873/store/-/store-2.0.12.tgz",
      "integrity": "sha1-jFNOKguDH3K3X8XxEZhXxE711ZM=",
      "license": "MIT",
      "engines": {
        "node": "*"
      }
    },
    "node_modules/tslib": {
      "version": "2.3.1",
      "resolved": "http://60.205.181.203:4873/tslib/-/tslib-2.3.1.tgz",
      "integrity": "sha512-77EbyPPpMz+FRFRuAFlWMtmgUWGe9UOG2Z25NqCwiIjRhOf5iKGuzSe5P2w1laq+FkRy4p+PCuVkJSGkzTEKVw==",
      "license": "0BSD"
    },
    "node_modules/url-search-params-polyfill": {
      "version": "5.1.0",
      "resolved": "http://60.205.181.203:4873/url-search-params-polyfill/-/url-search-params-polyfill-5.1.0.tgz",
      "integrity": "sha512-yjFY7uw2xRf9e8Mg4ZVkZwtp8dMCC4cbBkEIZiTDpuSY2WJ9+Quw0wRhxncv32qaMQwmBQT+P847rO8PrFhhDA==",
      "license": "MIT"
    },
    "node_modules/uuidjs": {
      "version": "4.2.9",
      "resolved": "http://60.205.181.203:4873/uuidjs/-/uuidjs-4.2.9.tgz",
      "integrity": "sha512-ie/yQOFIBnswUUTPQRwMphF/OeE3Pg9y0jorjOPPFtGaeVp9JSdGN5rA9odsXDFH1UfwtpriJXKTro1JTNaIXg==",
      "license": "Apache-2.0",
      "bin": {
        "uuidjs": "bin/cli.js"
      }
    }
  },
  "dependencies": {
    "@hutool/console": {
      "version": "0.4.12",
      "resolved": "http://60.205.181.203:4873/@hutool%2fconsole/-/console-0.4.12.tgz",
      "integrity": "sha512-unIGhZZ9Dsq3LK6mP+hIayed94kgJqCIZ38engmrmfo6EMvc9+0+EIQpEFNP6mpsHtaYkI0p9dM/xMXfKzcRYQ=="
    },
    "@hutool/eventEmitter": {
      "version": "0.4.12",
      "resolved": "http://60.205.181.203:4873/@hutool%2feventEmitter/-/eventEmitter-0.4.12.tgz",
      "integrity": "sha512-7GE/qxaGRre0ZQVYVHi/RvSGKf5g1rUHl/uieUo3f406sBuZ86dm8wpCHupVJK0JcfEoVdU6w4yuYPDah3FPgw==",
      "requires": {
        "eventemitter3": "^3.1.0"
      }
    },
    "@hutool/storage": {
      "version": "0.4.12",
      "resolved": "http://60.205.181.203:4873/@hutool%2fstorage/-/storage-0.4.12.tgz",
      "integrity": "sha512-SQxjSVlgzP9TGCzu19bH2gh1qsljP0xBf/4Ks21P99ZnTbRIsl109D5TX4F+vjud4DBJrPThQpluMZvYYrjgzQ==",
      "requires": {
        "@types/store": "^2.0.1",
        "store": "^2.0.12"
      }
    },
    "@hutool/utils": {
      "version": "0.4.12",
      "resolved": "http://60.205.181.203:4873/@hutool%2futils/-/utils-0.4.12.tgz",
      "integrity": "sha512-thY4moQNReC1LCQ/FEsdt79XOXkfF2S7qsrAAT4GVEkA+NgonLFg3PZL/BUT/KPR8Y+LePqOWKq4TDUoT9h7VA==",
      "requires": {
        "@types/node": "^10.12.18"
      }
    },
    "@monitor/collector-browser": {
      "version": "0.6.0",
      "resolved": "http://60.205.181.203:4873/@monitor%2fcollector-browser/-/collector-browser-0.6.0.tgz",
      "integrity": "sha512-pdKTf8rWSrzJC0IO6TERcO0RypFe6xwYvkOw5YFfrE43r3boayn10o8Wa4uHqWynhBU4Uwpwk02xF9tsGWY2bQ==",
      "requires": {
        "@hutool/console": "^0.4.12",
        "@hutool/eventEmitter": "^0.4.12",
        "@hutool/storage": "^0.4.12",
        "@hutool/utils": "^0.4.12",
        "tslib": "^2.3.1",
        "uuidjs": "^4.0.3"
      }
    },
    "@monitor/collector-error": {
      "version": "0.6.0",
      "resolved": "http://60.205.181.203:4873/@monitor%2fcollector-error/-/collector-error-0.6.0.tgz",
      "integrity": "sha512-7z5M1qOiejUPXP+TWaCdNcakGR/U3ih8ulTht0i8xRzN7Uzimbi12paJpuo5ymwLRxFrpjwqQydj39LJ/qhWFw==",
      "requires": {
        "@monitor/collector-browser": "^0.6.0",
        "axios": "^0.18.0"
      }
    },
    "@monitor/collector-track": {
      "version": "0.6.0",
      "resolved": "http://60.205.181.203:4873/@monitor%2fcollector-track/-/collector-track-0.6.0.tgz",
      "integrity": "sha512-mw2MfGRc86EfolQ5RolRVOjjapniguw+LujWuCpZlSyfmZSJCWnNuh0TjcHmxi+TC8C10fDeqk4PlqmyoXxBcQ==",
      "requires": {
        "@monitor/collector-browser": "^0.6.0",
        "axios": "^0.18.0",
        "url-search-params-polyfill": "^5.0.0"
      }
    },
    "@types/node": {
      "version": "10.17.60",
      "resolved": "http://60.205.181.203:4873/@types%2fnode/-/node-10.17.60.tgz",
      "integrity": "sha512-F0KIgDJfy2nA3zMLmWGKxcH2ZVEtCZXHHdOQs2gSaQ27+lNeEfGxzkIw90aXswATX7AZ33tahPbzy6KAfUreVw=="
    },
    "@types/store": {
      "version": "2.0.2",
      "resolved": "http://60.205.181.203:4873/@types%2fstore/-/store-2.0.2.tgz",
      "integrity": "sha512-ZPHnXkzmGMfk+pHqAGzTSpA9CbsHmJLgkvOl5w52LZ0XTxB1ZIHWZzQ7lEtjTNWScBbsQekg8TjApMXkMe4nkw=="
    },
    "axios": {
      "version": "0.18.1",
      "resolved": "http://60.205.181.203:4873/axios/-/axios-0.18.1.tgz",
      "integrity": "sha512-0BfJq4NSfQXd+SkFdrvFbG7addhYSBA2mQwISr46pD6E5iqkWg02RAs8vyTT/j0RTnoYmeXauBuSv1qKwR179g==",
      "requires": {
        "follow-redirects": "1.5.10",
        "is-buffer": "^2.0.2"
      }
    },
    "debug": {
      "version": "3.1.0",
      "resolved": "http://60.205.181.203:4873/debug/-/debug-3.1.0.tgz",
      "integrity": "sha512-OX8XqP7/1a9cqkxYw2yXss15f26NKWBpDXQd0/uK/KPqdQhxbPa994hnzjcE2VqQpDslf55723cKPUOGSmMY3g==",
      "requires": {
        "ms": "2.0.0"
      }
    },
    "eventemitter3": {
      "version": "3.1.2",
      "resolved": "http://60.205.181.203:4873/eventemitter3/-/eventemitter3-3.1.2.tgz",
      "integrity": "sha512-tvtQIeLVHjDkJYnzf2dgVMxfuSGJeM/7UCG17TT4EumTfNtF+0nebF/4zWOIkCreAbtNqhGEboB6BWrwqNaw4Q=="
    },
    "follow-redirects": {
      "version": "1.5.10",
      "resolved": "http://60.205.181.203:4873/follow-redirects/-/follow-redirects-1.5.10.tgz",
      "integrity": "sha512-0V5l4Cizzvqt5D44aTXbFZz+FtyXV1vrDN6qrelxtfYQKW0KO0W2T/hkE8xvGa/540LkZlkaUjO4ailYTFtHVQ==",
      "requires": {
        "debug": "=3.1.0"
      }
    },
    "is-buffer": {
      "version": "2.0.5",
      "resolved": "http://60.205.181.203:4873/is-buffer/-/is-buffer-2.0.5.tgz",
      "integrity": "sha512-i2R6zNFDwgEHJyQUtJEk0XFi1i0dPFn/oqjK3/vPCcDeJvW5NQ83V8QbicfF1SupOaB0h8ntgBC2YiE7dfyctQ=="
    },
    "ms": {
      "version": "2.0.0",
      "resolved": "http://60.205.181.203:4873/ms/-/ms-2.0.0.tgz",
      "integrity": "sha1-VgiurfwAvmwpAd9fmGF4jeDVl8g="
    },
    "store": {
      "version": "2.0.12",
      "resolved": "http://60.205.181.203:4873/store/-/store-2.0.12.tgz",
      "integrity": "sha1-jFNOKguDH3K3X8XxEZhXxE711ZM="
    },
    "tslib": {
      "version": "2.3.1",
      "resolved": "http://60.205.181.203:4873/tslib/-/tslib-2.3.1.tgz",
      "integrity": "sha512-77EbyPPpMz+FRFRuAFlWMtmgUWGe9UOG2Z25NqCwiIjRhOf5iKGuzSe5P2w1laq+FkRy4p+PCuVkJSGkzTEKVw=="
    },
    "url-search-params-polyfill": {
      "version": "5.1.0",
      "resolved": "http://60.205.181.203:4873/url-search-params-polyfill/-/url-search-params-polyfill-5.1.0.tgz",
      "integrity": "sha512-yjFY7uw2xRf9e8Mg4ZVkZwtp8dMCC4cbBkEIZiTDpuSY2WJ9+Quw0wRhxncv32qaMQwmBQT+P847rO8PrFhhDA=="
    },
    "uuidjs": {
      "version": "4.2.9",
      "resolved": "http://60.205.181.203:4873/uuidjs/-/uuidjs-4.2.9.tgz",
      "integrity": "sha512-ie/yQOFIBnswUUTPQRwMphF/OeE3Pg9y0jorjOPPFtGaeVp9JSdGN5rA9odsXDFH1UfwtpriJXKTro1JTNaIXg=="
    }
  }
}
